
Microsoft Visual Studio Solution File, Format Version 12.00
# Visual Studio Version 17
VisualStudioVersion = 17.0.31903.59
MinimumVisualStudioVersion = 10.0.40219.1
Project("{FAE04EC0-301F-11D3-BF4B-00C04F79EFBC}") = "BookApi", "BookApi.csproj", "{1CDD6B1C-2A66-4A44-9892-3A2E7DCCAC4F}"
EndProject
Project("{FAE04EC0-301F-11D3-BF4B-00C04F79EFBC}") = "BookStore.Tests", "BookStore.Tests\BookStore.Tests.csproj", "{7A008C46-A8DE-4E19-A1BC-B7996203310C}"
EndProject
Global
	GlobalSection(SolutionConfigurationPlatforms) = preSolution
		Debug|Any CPU = Debug|Any CPU
		Debug|x64 = Debug|x64
		Debug|x86 = Debug|x86
		Release|Any CPU = Release|Any CPU
		Release|x64 = Release|x64
		Release|x86 = Release|x86
	EndGlobalSection
	GlobalSection(ProjectConfigurationPlatforms) = postSolution
		{1CDD6B1C-2A66-4A44-9892-3A2E7DCCAC4F}.Debug|Any CPU.ActiveCfg = Debug|Any CPU
		{1CDD6B1C-2A66-4A44-9892-3A2E7DCCAC4F}.Debug|Any CPU.Build.0 = Debug|Any CPU
		{1CDD6B1C-2A66-4A44-9892-3A2E7DCCAC4F}.Debug|x64.ActiveCfg = Debug|Any CPU
		{1CDD6B1C-2A66-4A44-9892-3A2E7DCCAC4F}.Debug|x64.Build.0 = Debug|Any CPU
		{1CDD6B1C-2A66-4A44-9892-3A2E7DCCAC4F}.Debug|x86.ActiveCfg = Debug|Any CPU
		{1CDD6B1C-2A66-4A44-9892-3A2E7DCCAC4F}.Debug|x86.Build.0 = Debug|Any CPU
		{1CDD6B1C-2A66-4A44-9892-3A2E7DCCAC4F}.Release|Any CPU.ActiveCfg = Release|Any CPU
		{1CDD6B1C-2A66-4A44-9892-3A2E7DCCAC4F}.Release|Any CPU.Build.0 = Release|Any CPU
		{1CDD6B1C-2A66-4A44-9892-3A2E7DCCAC4F}.Release|x64.ActiveCfg = Release|Any CPU
		{1CDD6B1C-2A66-4A44-9892-3A2E7DCCAC4F}.Release|x64.Build.0 = Release|Any CPU
		{1CDD6B1C-2A66-4A44-9892-3A2E7DCCAC4F}.Release|x86.ActiveCfg = Release|Any CPU
		{1CDD6B1C-2A66-4A44-9892-3A2E7DCCAC4F}.Release|x86.Build.0 = Release|Any CPU
		{7A008C46-A8DE-4E19-A1BC-B7996203310C}.Debug|Any CPU.ActiveCfg = Debug|Any CPU
		{7A008C46-A8DE-4E19-A1BC-B7996203310C}.Debug|Any CPU.Build.0 = Debug|Any CPU
		{7A008C46-A8DE-4E19-A1BC-B7996203310C}.Debug|x64.ActiveCfg = Debug|Any CPU
		{7A008C46-A8DE-4E19-A1BC-B7996203310C}.Debug|x64.Build.0 = Debug|Any CPU
		{7A008C46-A8DE-4E19-A1BC-B7996203310C}.Debug|x86.ActiveCfg = Debug|Any CPU
		{7A008C46-A8DE-4E19-A1BC-B7996203310C}.Debug|x86.Build.0 = Debug|Any CPU
		{7A008C46-A8DE-4E19-A1BC-B7996203310C}.Release|Any CPU.ActiveCfg = Release|Any CPU
		{7A008C46-A8DE-4E19-A1BC-B7996203310C}.Release|Any CPU.Build.0 = Release|Any CPU
		{7A008C46-A8DE-4E19-A1BC-B7996203310C}.Release|x64.ActiveCfg = Release|Any CPU
		{7A008C46-A8DE-4E19-A1BC-B7996203310C}.Release|x64.Build.0 = Release|Any CPU
		{7A008C46-A8DE-4E19-A1BC-B7996203310C}.Release|x86.ActiveCfg = Release|Any CPU
		{7A008C46-A8DE-4E19-A1BC-B7996203310C}.Release|x86.Build.0 = Release|Any CPU
	EndGlobalSection
	GlobalSection(SolutionProperties) = preSolution
		HideSolutionNode = FALSE
	EndGlobalSection
EndGlobal
